
Microsoft Visual Studio Solution File, Format Version 12.00
Project("{FAE04EC0-301F-11D3-BF4B-00C04F79EFBC}") = "BetterMedicalItems_ET", "BetterMedicalItems_ET\BetterMedicalItems_ET.csproj", "{92A7DDA1-F895-4C33-AFAF-16A7FE4FB517}"
EndProject
Global
	GlobalSection(SolutionConfigurationPlatforms) = preSolution
		Debug|Any CPU = Debug|Any CPU
		Release|Any CPU = Release|Any CPU
	EndGlobalSection
	GlobalSection(ProjectConfigurationPlatforms) = postSolution
		{92A7DDA1-F895-4C33-AFAF-16A7FE4FB517}.Debug|Any CPU.ActiveCfg = Debug|Any CPU
		{92A7DDA1-F895-4C33-AFAF-16A7FE4FB517}.Debug|Any CPU.Build.0 = Debug|Any CPU
		{92A7DDA1-F895-4C33-AFAF-16A7FE4FB517}.Release|Any CPU.ActiveCfg = Release|Any CPU
		{92A7DDA1-F895-4C33-AFAF-16A7FE4FB517}.Release|Any CPU.Build.0 = Release|Any CPU
	EndGlobalSection
EndGlobal
